
Microsoft Visual Studio Solution File, Format Version 12.00
# Visual Studio Version 17
VisualStudioVersion = 17.3.32929.385
MinimumVisualStudioVersion = 10.0.40219.1
Project("{9A19103F-16F7-4668-BE54-9A1E7A4F7556}") = "IotHubStorage", "IoT_Storage\IotHubStorage.csproj", "{A7E8B0A1-EE63-4879-8E11-75F4FC7087FA}"
EndProject
Global
	GlobalSection(SolutionConfigurationPlatforms) = preSolution
		Debug|Any CPU = Debug|Any CPU
		Release|Any CPU = Release|Any CPU
	EndGlobalSection
	GlobalSection(ProjectConfigurationPlatforms) = postSolution
		{A7E8B0A1-EE63-4879-8E11-75F4FC7087FA}.Debug|Any CPU.ActiveCfg = Debug|Any CPU
		{A7E8B0A1-EE63-4879-8E11-75F4FC7087FA}.Debug|Any CPU.Build.0 = Debug|Any CPU
		{A7E8B0A1-EE63-4879-8E11-75F4FC7087FA}.Release|Any CPU.ActiveCfg = Release|Any CPU
		{A7E8B0A1-EE63-4879-8E11-75F4FC7087FA}.Release|Any CPU.Build.0 = Release|Any CPU
	EndGlobalSection
	GlobalSection(SolutionProperties) = preSolution
		HideSolutionNode = FALSE
	EndGlobalSection
	GlobalSection(ExtensibilityGlobals) = postSolution
		SolutionGuid = {A24B43A7-AD6E-4083-AE53-905BD83DB763}
	EndGlobalSection
EndGlobal
